
Microsoft Visual Studio Solution File, Format Version 12.00
# Visual Studio Version 16
VisualStudioVersion = 16.0.31911.196
MinimumVisualStudioVersion = 10.0.40219.1
Project("{9A19103F-16F7-4668-BE54-9A1E7A4F7556}") = "FunWithMethodOverloading", "FunWithMethodOverloading\FunWithMethodOverloading.csproj", "{44BAA083-F906-41D0-8D5C-9D260820D8BE}"
EndProject
Project("{9A19103F-16F7-4668-BE54-9A1E7A4F7556}") = "FunWithEnums", "FunWithEnums\FunWithEnums.csproj", "{420D5596-4824-4DF5-86DB-2EBC1BFAFBF5}"
EndProject
Project("{9A19103F-16F7-4668-BE54-9A1E7A4F7556}") = "FunWithBitwiseOperations", "FunWithBitwiseOperations\FunWithBitwiseOperations.csproj", "{CF7B4050-A009-4D50-9E29-7CF8BFC04DC6}"
EndProject
Project("{9A19103F-16F7-4668-BE54-9A1E7A4F7556}") = "FunWithStructures", "FunWithStructures\FunWithStructures.csproj", "{DA6FD117-ABD9-485F-A77E-AAFF50961C01}"
EndProject
Project("{9A19103F-16F7-4668-BE54-9A1E7A4F7556}") = "FunWithValueAndReferenceTypes", "FunWithValueAndReferenceTypes\FunWithValueAndReferenceTypes.csproj", "{071148AE-AF7B-4770-BC7E-D6F83ED87F4F}"
EndProject
Project("{FAE04EC0-301F-11D3-BF4B-00C04F79EFBC}") = "FunWithNullableValueTypes", "FunWithNullableValueTypes\FunWithNullableValueTypes.csproj", "{811B7335-2790-4E34-9AFF-6D9793F4D2D2}"
EndProject
Project("{FAE04EC0-301F-11D3-BF4B-00C04F79EFBC}") = "FunWithNullableReferenceTypes", "FunWithNullableReferenceTypes\FunWithNullableReferenceTypes.csproj", "{239E406D-B416-4A1E-A0DB-2F5341CF5AA9}"
EndProject
Project("{FAE04EC0-301F-11D3-BF4B-00C04F79EFBC}") = "FunWithTuples", "FunWithTuples\FunWithTuples.csproj", "{2B485CF2-2E54-4761-A548-7BF2249E1D43}"
EndProject
Global
	GlobalSection(SolutionConfigurationPlatforms) = preSolution
		Debug|Any CPU = Debug|Any CPU
		Release|Any CPU = Release|Any CPU
	EndGlobalSection
	GlobalSection(ProjectConfigurationPlatforms) = postSolution
		{44BAA083-F906-41D0-8D5C-9D260820D8BE}.Debug|Any CPU.ActiveCfg = Debug|Any CPU
		{44BAA083-F906-41D0-8D5C-9D260820D8BE}.Debug|Any CPU.Build.0 = Debug|Any CPU
		{44BAA083-F906-41D0-8D5C-9D260820D8BE}.Release|Any CPU.ActiveCfg = Release|Any CPU
		{44BAA083-F906-41D0-8D5C-9D260820D8BE}.Release|Any CPU.Build.0 = Release|Any CPU
		{420D5596-4824-4DF5-86DB-2EBC1BFAFBF5}.Debug|Any CPU.ActiveCfg = Debug|Any CPU
		{420D5596-4824-4DF5-86DB-2EBC1BFAFBF5}.Debug|Any CPU.Build.0 = Debug|Any CPU
		{420D5596-4824-4DF5-86DB-2EBC1BFAFBF5}.Release|Any CPU.ActiveCfg = Release|Any CPU
		{420D5596-4824-4DF5-86DB-2EBC1BFAFBF5}.Release|Any CPU.Build.0 = Release|Any CPU
		{CF7B4050-A009-4D50-9E29-7CF8BFC04DC6}.Debug|Any CPU.ActiveCfg = Debug|Any CPU
		{CF7B4050-A009-4D50-9E29-7CF8BFC04DC6}.Debug|Any CPU.Build.0 = Debug|Any CPU
		{CF7B4050-A009-4D50-9E29-7CF8BFC04DC6}.Release|Any CPU.ActiveCfg = Release|Any CPU
		{CF7B4050-A009-4D50-9E29-7CF8BFC04DC6}.Release|Any CPU.Build.0 = Release|Any CPU
		{DA6FD117-ABD9-485F-A77E-AAFF50961C01}.Debug|Any CPU.ActiveCfg = Debug|Any CPU
		{DA6FD117-ABD9-485F-A77E-AAFF50961C01}.Debug|Any CPU.Build.0 = Debug|Any CPU
		{DA6FD117-ABD9-485F-A77E-AAFF50961C01}.Release|Any CPU.ActiveCfg = Release|Any CPU
		{DA6FD117-ABD9-485F-A77E-AAFF50961C01}.Release|Any CPU.Build.0 = Release|Any CPU
		{071148AE-AF7B-4770-BC7E-D6F83ED87F4F}.Debug|Any CPU.ActiveCfg = Debug|Any CPU
		{071148AE-AF7B-4770-BC7E-D6F83ED87F4F}.Debug|Any CPU.Build.0 = Debug|Any CPU
		{071148AE-AF7B-4770-BC7E-D6F83ED87F4F}.Release|Any CPU.ActiveCfg = Release|Any CPU
		{071148AE-AF7B-4770-BC7E-D6F83ED87F4F}.Release|Any CPU.Build.0 = Release|Any CPU
		{811B7335-2790-4E34-9AFF-6D9793F4D2D2}.Debug|Any CPU.ActiveCfg = Debug|Any CPU
		{811B7335-2790-4E34-9AFF-6D9793F4D2D2}.Debug|Any CPU.Build.0 = Debug|Any CPU
		{811B7335-2790-4E34-9AFF-6D9793F4D2D2}.Release|Any CPU.ActiveCfg = Release|Any CPU
		{811B7335-2790-4E34-9AFF-6D9793F4D2D2}.Release|Any CPU.Build.0 = Release|Any CPU
		{239E406D-B416-4A1E-A0DB-2F5341CF5AA9}.Debug|Any CPU.ActiveCfg = Debug|Any CPU
		{239E406D-B416-4A1E-A0DB-2F5341CF5AA9}.Debug|Any CPU.Build.0 = Debug|Any CPU
		{239E406D-B416-4A1E-A0DB-2F5341CF5AA9}.Release|Any CPU.ActiveCfg = Release|Any CPU
		{239E406D-B416-4A1E-A0DB-2F5341CF5AA9}.Release|Any CPU.Build.0 = Release|Any CPU
		{2B485CF2-2E54-4761-A548-7BF2249E1D43}.Debug|Any CPU.ActiveCfg = Debug|Any CPU
		{2B485CF2-2E54-4761-A548-7BF2249E1D43}.Debug|Any CPU.Build.0 = Debug|Any CPU
		{2B485CF2-2E54-4761-A548-7BF2249E1D43}.Release|Any CPU.ActiveCfg = Release|Any CPU
		{2B485CF2-2E54-4761-A548-7BF2249E1D43}.Release|Any CPU.Build.0 = Release|Any CPU
	EndGlobalSection
	GlobalSection(SolutionProperties) = preSolution
		HideSolutionNode = FALSE
	EndGlobalSection
	GlobalSection(ExtensibilityGlobals) = postSolution
		SolutionGuid = {E60B48F6-EF7B-4251-BAB1-1AD54B42270C}
	EndGlobalSection
EndGlobal
